// !$*UTF8*$!
{
	archiveVersion = 1;
	classes = {
	};
	objectVersion = 55;
	objects = {

/* Begin PBXBuildFile section */
		19EB40932C1B58F40045A703 /* profile_exchangeApp.swift in Sources */ = {isa = PBXBuildFile; fileRef = 19EB40922C1B58F40045A703 /* profile_exchangeApp.swift */; };
		19EB40952C1B58F40045A703 /* ContentView.swift in Sources */ = {isa = PBXBuildFile; fileRef = 19EB40942C1B58F40045A703 /* ContentView.swift */; };
		19EB40972C1B58F60045A703 /* Assets.xcassets in Resources */ = {isa = PBXBuildFile; fileRef = 19EB40962C1B58F60045A703 /* Assets.xcassets */; };
		19EB409A2C1B58F60045A703 /* Preview Assets.xcassets in Resources */ = {isa = PBXBuildFile; fileRef = 19EB40992C1B58F60045A703 /* Preview Assets.xcassets */; };
		19EB409C2C1B58F60045A703 /* Persistence.swift in Sources */ = {isa = PBXBuildFile; fileRef = 19EB409B2C1B58F60045A703 /* Persistence.swift */; };
		19EB409F2C1B58F60045A703 /* profile_exchange.xcdatamodeld in Sources */ = {isa = PBXBuildFile; fileRef = 19EB409D2C1B58F60045A703 /* profile_exchange.xcdatamodeld */; };
		19EB40AA2C1B58F60045A703 /* profile_exchangeTests.swift in Sources */ = {isa = PBXBuildFile; fileRef = 19EB40A92C1B58F60045A703 /* profile_exchangeTests.swift */; };
		19EB40B42C1B58F60045A703 /* profile_exchangeUITests.swift in Sources */ = {isa = PBXBuildFile; fileRef = 19EB40B32C1B58F60045A703 /* profile_exchangeUITests.swift */; };
		19EB40B62C1B58F60045A703 /* profile_exchangeUITestsLaunchTests.swift in Sources */ = {isa = PBXBuildFile; fileRef = 19EB40B52C1B58F60045A703 /* profile_exchangeUITestsLaunchTests.swift */; };
		19EB412B2C1C03B90045A703 /* FirebaseAnalytics in Frameworks */ = {isa = PBXBuildFile; productRef = 19EB412A2C1C03B90045A703 /* FirebaseAnalytics */; };
		19EB412D2C1C03B90045A703 /* FirebaseAnalyticsOnDeviceConversion in Frameworks */ = {isa = PBXBuildFile; productRef = 19EB412C2C1C03B90045A703 /* FirebaseAnalyticsOnDeviceConversion */; };
		19EB412F2C1C03B90045A703 /* FirebaseAnalyticsSwift in Frameworks */ = {isa = PBXBuildFile; productRef = 19EB412E2C1C03B90045A703 /* FirebaseAnalyticsSwift */; };
		19EB41312C1C03B90045A703 /* FirebaseAnalyticsWithoutAdIdSupport in Frameworks */ = {isa = PBXBuildFile; productRef = 19EB41302C1C03B90045A703 /* FirebaseAnalyticsWithoutAdIdSupport */; };
		19EB41332C1C03B90045A703 /* FirebaseAppCheck in Frameworks */ = {isa = PBXBuildFile; productRef = 19EB41322C1C03B90045A703 /* FirebaseAppCheck */; };
		19EB41352C1C03B90045A703 /* FirebaseAppDistribution-Beta in Frameworks */ = {isa = PBXBuildFile; productRef = 19EB41342C1C03B90045A703 /* FirebaseAppDistribution-Beta */; };
		19EB41372C1C03B90045A703 /* FirebaseAuth in Frameworks */ = {isa = PBXBuildFile; productRef = 19EB41362C1C03B90045A703 /* FirebaseAuth */; };
		19EB41392C1C03B90045A703 /* FirebaseAuthCombine-Community in Frameworks */ = {isa = PBXBuildFile; productRef = 19EB41382C1C03B90045A703 /* FirebaseAuthCombine-Community */; };
		19EB413B2C1C03B90045A703 /* FirebaseCrashlytics in Frameworks */ = {isa = PBXBuildFile; productRef = 19EB413A2C1C03B90045A703 /* FirebaseCrashlytics */; };
		19EB413D2C1C03B90045A703 /* FirebaseDatabase in Frameworks */ = {isa = PBXBuildFile; productRef = 19EB413C2C1C03B90045A703 /* FirebaseDatabase */; };
		19EB413F2C1C03B90045A703 /* FirebaseDatabaseSwift in Frameworks */ = {isa = PBXBuildFile; productRef = 19EB413E2C1C03B90045A703 /* FirebaseDatabaseSwift */; };
		19EB41412C1C03B90045A703 /* FirebaseDynamicLinks in Frameworks */ = {isa = PBXBuildFile; productRef = 19EB41402C1C03B90045A703 /* FirebaseDynamicLinks */; };
		19EB41432C1C03B90045A703 /* FirebaseFirestore in Frameworks */ = {isa = PBXBuildFile; productRef = 19EB41422C1C03B90045A703 /* FirebaseFirestore */; };
		19EB41452C1C03B90045A703 /* FirebaseFirestoreCombine-Community in Frameworks */ = {isa = PBXBuildFile; productRef = 19EB41442C1C03B90045A703 /* FirebaseFirestoreCombine-Community */; };
		19EB41472C1C03B90045A703 /* FirebaseFirestoreSwift in Frameworks */ = {isa = PBXBuildFile; productRef = 19EB41462C1C03B90045A703 /* FirebaseFirestoreSwift */; };
		19EB41492C1C03B90045A703 /* FirebaseFunctions in Frameworks */ = {isa = PBXBuildFile; productRef = 19EB41482C1C03B90045A703 /* FirebaseFunctions */; };
		19EB414B2C1C03B90045A703 /* FirebaseFunctionsCombine-Community in Frameworks */ = {isa = PBXBuildFile; productRef = 19EB414A2C1C03B90045A703 /* FirebaseFunctionsCombine-Community */; };
		19EB414D2C1C03B90045A703 /* FirebaseInAppMessaging-Beta in Frameworks */ = {isa = PBXBuildFile; productRef = 19EB414C2C1C03B90045A703 /* FirebaseInAppMessaging-Beta */; };
		19EB414F2C1C03B90045A703 /* FirebaseInAppMessagingSwift-Beta in Frameworks */ = {isa = PBXBuildFile; productRef = 19EB414E2C1C03B90045A703 /* FirebaseInAppMessagingSwift-Beta */; };
		19EB41512C1C03B90045A703 /* FirebaseInstallations in Frameworks */ = {isa = PBXBuildFile; productRef = 19EB41502C1C03B90045A703 /* FirebaseInstallations */; };
		19EB41532C1C03B90045A703 /* FirebaseMLModelDownloader in Frameworks */ = {isa = PBXBuildFile; productRef = 19EB41522C1C03B90045A703 /* FirebaseMLModelDownloader */; };
		19EB41552C1C03B90045A703 /* FirebaseMessaging in Frameworks */ = {isa = PBXBuildFile; productRef = 19EB41542C1C03B90045A703 /* FirebaseMessaging */; };
		19EB41572C1C03B90045A703 /* FirebasePerformance in Frameworks */ = {isa = PBXBuildFile; productRef = 19EB41562C1C03B90045A703 /* FirebasePerformance */; };
		19EB41592C1C03B90045A703 /* FirebaseRemoteConfig in Frameworks */ = {isa = PBXBuildFile; productRef = 19EB41582C1C03B90045A703 /* FirebaseRemoteConfig */; };
		19EB415B2C1C03B90045A703 /* FirebaseRemoteConfigSwift in Frameworks */ = {isa = PBXBuildFile; productRef = 19EB415A2C1C03B90045A703 /* FirebaseRemoteConfigSwift */; };
		19EB415D2C1C03B90045A703 /* FirebaseStorage in Frameworks */ = {isa = PBXBuildFile; productRef = 19EB415C2C1C03B90045A703 /* FirebaseStorage */; };
		19EB415F2C1C03B90045A703 /* FirebaseStorageCombine-Community in Frameworks */ = {isa = PBXBuildFile; productRef = 19EB415E2C1C03B90045A703 /* FirebaseStorageCombine-Community */; };
		FA1B69392C1DEEAC006FBE8A /* GoogleSignIn in Frameworks */ = {isa = PBXBuildFile; productRef = FA1B69382C1DEEAC006FBE8A /* GoogleSignIn */; };
		FA1B693B2C1DEEAC006FBE8A /* GoogleSignInSwift in Frameworks */ = {isa = PBXBuildFile; productRef = FA1B693A2C1DEEAC006FBE8A /* GoogleSignInSwift */; };
		FAA211C02C28972700D67F9E /* GoogleService-Info.plist in Resources */ = {isa = PBXBuildFile; fileRef = FAA211BF2C28972700D67F9E /* GoogleService-Info.plist */; };
		FAA211C22C289F3A00D67F9E /* AppDelegate.swift in Sources */ = {isa = PBXBuildFile; fileRef = FAA211C12C289F3A00D67F9E /* AppDelegate.swift */; };
		FAA211C42C289F7D00D67F9E /* SignInViewController.swift in Sources */ = {isa = PBXBuildFile; fileRef = FAA211C32C289F7D00D67F9E /* SignInViewController.swift */; };
		FAA211C62C289F9E00D67F9E /* DataManager.swift in Sources */ = {isa = PBXBuildFile; fileRef = FAA211C52C289F9E00D67F9E /* DataManager.swift */; };
/* End PBXBuildFile section */

/* Begin PBXContainerItemProxy section */
		19EB40A62C1B58F60045A703 /* PBXContainerItemProxy */ = {
			isa = PBXContainerItemProxy;
			containerPortal = 19EB40872C1B58F40045A703 /* Project object */;
			proxyType = 1;
			remoteGlobalIDString = 19EB408E2C1B58F40045A703;
			remoteInfo = profile_exchange;
		};
		19EB40B02C1B58F60045A703 /* PBXContainerItemProxy */ = {
			isa = PBXContainerItemProxy;
			containerPortal = 19EB40872C1B58F40045A703 /* Project object */;
			proxyType = 1;
			remoteGlobalIDString = 19EB408E2C1B58F40045A703;
			remoteInfo = profile_exchange;
		};
/* End PBXContainerItemProxy section */

/* Begin PBXFileReference section */
		19EB408F2C1B58F40045A703 /* profile_exchange.app */ = {isa = PBXFileReference; explicitFileType = wrapper.application; includeInIndex = 0; path = profile_exchange.app; sourceTree = BUILT_PRODUCTS_DIR; };
		19EB40922C1B58F40045A703 /* profile_exchangeApp.swift */ = {isa = PBXFileReference; lastKnownFileType = sourcecode.swift; path = profile_exchangeApp.swift; sourceTree = "<group>"; };
		19EB40942C1B58F40045A703 /* ContentView.swift */ = {isa = PBXFileReference; lastKnownFileType = sourcecode.swift; path = ContentView.swift; sourceTree = "<group>"; };
		19EB40962C1B58F60045A703 /* Assets.xcassets */ = {isa = PBXFileReference; lastKnownFileType = folder.assetcatalog; path = Assets.xcassets; sourceTree = "<group>"; };
		19EB40992C1B58F60045A703 /* Preview Assets.xcassets */ = {isa = PBXFileReference; lastKnownFileType = folder.assetcatalog; path = "Preview Assets.xcassets"; sourceTree = "<group>"; };
		19EB409B2C1B58F60045A703 /* Persistence.swift */ = {isa = PBXFileReference; lastKnownFileType = sourcecode.swift; path = Persistence.swift; sourceTree = "<group>"; };
		19EB409E2C1B58F60045A703 /* profile_exchange.xcdatamodel */ = {isa = PBXFileReference; lastKnownFileType = wrapper.xcdatamodel; path = profile_exchange.xcdatamodel; sourceTree = "<group>"; };
		19EB40A02C1B58F60045A703 /* profile_exchange.entitlements */ = {isa = PBXFileReference; lastKnownFileType = text.plist.entitlements; path = profile_exchange.entitlements; sourceTree = "<group>"; };
		19EB40A52C1B58F60045A703 /* profile_exchangeTests.xctest */ = {isa = PBXFileReference; explicitFileType = wrapper.cfbundle; includeInIndex = 0; path = profile_exchangeTests.xctest; sourceTree = BUILT_PRODUCTS_DIR; };
		19EB40A92C1B58F60045A703 /* profile_exchangeTests.swift */ = {isa = PBXFileReference; lastKnownFileType = sourcecode.swift; path = profile_exchangeTests.swift; sourceTree = "<group>"; };
		19EB40AF2C1B58F60045A703 /* profile_exchangeUITests.xctest */ = {isa = PBXFileReference; explicitFileType = wrapper.cfbundle; includeInIndex = 0; path = profile_exchangeUITests.xctest; sourceTree = BUILT_PRODUCTS_DIR; };
		19EB40B32C1B58F60045A703 /* profile_exchangeUITests.swift */ = {isa = PBXFileReference; lastKnownFileType = sourcecode.swift; path = profile_exchangeUITests.swift; sourceTree = "<group>"; };
		19EB40B52C1B58F60045A703 /* profile_exchangeUITestsLaunchTests.swift */ = {isa = PBXFileReference; lastKnownFileType = sourcecode.swift; path = profile_exchangeUITestsLaunchTests.swift; sourceTree = "<group>"; };
		FAA211BF2C28972700D67F9E /* GoogleService-Info.plist */ = {isa = PBXFileReference; fileEncoding = 4; lastKnownFileType = text.plist.xml; name = "GoogleService-Info.plist"; path = "../../../../Downloads/GoogleService-Info.plist"; sourceTree = "<group>"; };
		FAA211C12C289F3A00D67F9E /* AppDelegate.swift */ = {isa = PBXFileReference; lastKnownFileType = sourcecode.swift; path = AppDelegate.swift; sourceTree = "<group>"; };
		FAA211C32C289F7D00D67F9E /* SignInViewController.swift */ = {isa = PBXFileReference; lastKnownFileType = sourcecode.swift; path = SignInViewController.swift; sourceTree = "<group>"; };
		FAA211C52C289F9E00D67F9E /* DataManager.swift */ = {isa = PBXFileReference; lastKnownFileType = sourcecode.swift; path = DataManager.swift; sourceTree = "<group>"; };
/* End PBXFileReference section */

/* Begin PBXFrameworksBuildPhase section */
		19EB408C2C1B58F40045A703 /* Frameworks */ = {
			isa = PBXFrameworksBuildPhase;
			buildActionMask = 2147483647;
			files = (
				19EB41412C1C03B90045A703 /* FirebaseDynamicLinks in Frameworks */,
				19EB41472C1C03B90045A703 /* FirebaseFirestoreSwift in Frameworks */,
				19EB413F2C1C03B90045A703 /* FirebaseDatabaseSwift in Frameworks */,
				19EB415B2C1C03B90045A703 /* FirebaseRemoteConfigSwift in Frameworks */,
				19EB41432C1C03B90045A703 /* FirebaseFirestore in Frameworks */,
				19EB414B2C1C03B90045A703 /* FirebaseFunctionsCombine-Community in Frameworks */,
				19EB41572C1C03B90045A703 /* FirebasePerformance in Frameworks */,
				FA1B693B2C1DEEAC006FBE8A /* GoogleSignInSwift in Frameworks */,
				19EB41512C1C03B90045A703 /* FirebaseInstallations in Frameworks */,
				19EB413D2C1C03B90045A703 /* FirebaseDatabase in Frameworks */,
				19EB414F2C1C03B90045A703 /* FirebaseInAppMessagingSwift-Beta in Frameworks */,
				19EB41392C1C03B90045A703 /* FirebaseAuthCombine-Community in Frameworks */,
				19EB412D2C1C03B90045A703 /* FirebaseAnalyticsOnDeviceConversion in Frameworks */,
				19EB414D2C1C03B90045A703 /* FirebaseInAppMessaging-Beta in Frameworks */,
				FA1B69392C1DEEAC006FBE8A /* GoogleSignIn in Frameworks */,
				19EB41352C1C03B90045A703 /* FirebaseAppDistribution-Beta in Frameworks */,
				19EB415F2C1C03B90045A703 /* FirebaseStorageCombine-Community in Frameworks */,
				19EB412F2C1C03B90045A703 /* FirebaseAnalyticsSwift in Frameworks */,
				19EB41492C1C03B90045A703 /* FirebaseFunctions in Frameworks */,
				19EB41532C1C03B90045A703 /* FirebaseMLModelDownloader in Frameworks */,
				19EB413B2C1C03B90045A703 /* FirebaseCrashlytics in Frameworks */,
				19EB41552C1C03B90045A703 /* FirebaseMessaging in Frameworks */,
				19EB41332C1C03B90045A703 /* FirebaseAppCheck in Frameworks */,
				19EB41312C1C03B90045A703 /* FirebaseAnalyticsWithoutAdIdSupport in Frameworks */,
				19EB41592C1C03B90045A703 /* FirebaseRemoteConfig in Frameworks */,
				19EB415D2C1C03B90045A703 /* FirebaseStorage in Frameworks */,
				19EB41452C1C03B90045A703 /* FirebaseFirestoreCombine-Community in Frameworks */,
				19EB41372C1C03B90045A703 /* FirebaseAuth in Frameworks */,
				19EB412B2C1C03B90045A703 /* FirebaseAnalytics in Frameworks */,
			);
			runOnlyForDeploymentPostprocessing = 0;
		};
		19EB40A22C1B58F60045A703 /* Frameworks */ = {
			isa = PBXFrameworksBuildPhase;
			buildActionMask = 2147483647;
			files = (
			);
			runOnlyForDeploymentPostprocessing = 0;
		};
		19EB40AC2C1B58F60045A703 /* Frameworks */ = {
			isa = PBXFrameworksBuildPhase;
			buildActionMask = 2147483647;
			files = (
			);
			runOnlyForDeploymentPostprocessing = 0;
		};
/* End PBXFrameworksBuildPhase section */

/* Begin PBXGroup section */
		19EB40862C1B58F40045A703 = {
			isa = PBXGroup;
			children = (
				19EB40912C1B58F40045A703 /* profile_exchange */,
				19EB40A82C1B58F60045A703 /* profile_exchangeTests */,
				19EB40B22C1B58F60045A703 /* profile_exchangeUITests */,
				19EB40902C1B58F40045A703 /* Products */,
			);
			sourceTree = "<group>";
		};
		19EB40902C1B58F40045A703 /* Products */ = {
			isa = PBXGroup;
			children = (
				19EB408F2C1B58F40045A703 /* profile_exchange.app */,
				19EB40A52C1B58F60045A703 /* profile_exchangeTests.xctest */,
				19EB40AF2C1B58F60045A703 /* profile_exchangeUITests.xctest */,
			);
			name = Products;
			sourceTree = "<group>";
		};
		19EB40912C1B58F40045A703 /* profile_exchange */ = {
			isa = PBXGroup;
			children = (
				FAA211C12C289F3A00D67F9E /* AppDelegate.swift */,
				FAA211C32C289F7D00D67F9E /* SignInViewController.swift */,
				FAA211C52C289F9E00D67F9E /* DataManager.swift */,
				FAA211BF2C28972700D67F9E /* GoogleService-Info.plist */,
				19EB40922C1B58F40045A703 /* profile_exchangeApp.swift */,
				19EB40942C1B58F40045A703 /* ContentView.swift */,
				19EB40962C1B58F60045A703 /* Assets.xcassets */,
				19EB409B2C1B58F60045A703 /* Persistence.swift */,
				19EB40A02C1B58F60045A703 /* profile_exchange.entitlements */,
				19EB409D2C1B58F60045A703 /* profile_exchange.xcdatamodeld */,
				19EB40982C1B58F60045A703 /* Preview Content */,
			);
			path = profile_exchange;
			sourceTree = "<group>";
		};
		19EB40982C1B58F60045A703 /* Preview Content */ = {
			isa = PBXGroup;
			children = (
				19EB40992C1B58F60045A703 /* Preview Assets.xcassets */,
			);
			path = "Preview Content";
			sourceTree = "<group>";
		};
		19EB40A82C1B58F60045A703 /* profile_exchangeTests */ = {
			isa = PBXGroup;
			children = (
				19EB40A92C1B58F60045A703 /* profile_exchangeTests.swift */,
			);
			path = profile_exchangeTests;
			sourceTree = "<group>";
		};
		19EB40B22C1B58F60045A703 /* profile_exchangeUITests */ = {
			isa = PBXGroup;
			children = (
				19EB40B32C1B58F60045A703 /* profile_exchangeUITests.swift */,
				19EB40B52C1B58F60045A703 /* profile_exchangeUITestsLaunchTests.swift */,
			);
			path = profile_exchangeUITests;
			sourceTree = "<group>";
		};
/* End PBXGroup section */

/* Begin PBXNativeTarget section */
		19EB408E2C1B58F40045A703 /* profile_exchange */ = {
			isa = PBXNativeTarget;
			buildConfigurationList = 19EB40B92C1B58F60045A703 /* Build configuration list for PBXNativeTarget "profile_exchange" */;
			buildPhases = (
				19EB408B2C1B58F40045A703 /* Sources */,
				19EB408C2C1B58F40045A703 /* Frameworks */,
				19EB408D2C1B58F40045A703 /* Resources */,
			);
			buildRules = (
			);
			dependencies = (
			);
			name = profile_exchange;
			packageProductDependencies = (
				19EB412A2C1C03B90045A703 /* FirebaseAnalytics */,
				19EB412C2C1C03B90045A703 /* FirebaseAnalyticsOnDeviceConversion */,
				19EB412E2C1C03B90045A703 /* FirebaseAnalyticsSwift */,
				19EB41302C1C03B90045A703 /* FirebaseAnalyticsWithoutAdIdSupport */,
				19EB41322C1C03B90045A703 /* FirebaseAppCheck */,
				19EB41342C1C03B90045A703 /* FirebaseAppDistribution-Beta */,
				19EB41362C1C03B90045A703 /* FirebaseAuth */,
				19EB41382C1C03B90045A703 /* FirebaseAuthCombine-Community */,
				19EB413A2C1C03B90045A703 /* FirebaseCrashlytics */,
				19EB413C2C1C03B90045A703 /* FirebaseDatabase */,
				19EB413E2C1C03B90045A703 /* FirebaseDatabaseSwift */,
				19EB41402C1C03B90045A703 /* FirebaseDynamicLinks */,
				19EB41422C1C03B90045A703 /* FirebaseFirestore */,
				19EB41442C1C03B90045A703 /* FirebaseFirestoreCombine-Community */,
				19EB41462C1C03B90045A703 /* FirebaseFirestoreSwift */,
				19EB41482C1C03B90045A703 /* FirebaseFunctions */,
				19EB414A2C1C03B90045A703 /* FirebaseFunctionsCombine-Community */,
				19EB414C2C1C03B90045A703 /* FirebaseInAppMessaging-Beta */,
				19EB414E2C1C03B90045A703 /* FirebaseInAppMessagingSwift-Beta */,
				19EB41502C1C03B90045A703 /* FirebaseInstallations */,
				19EB41522C1C03B90045A703 /* FirebaseMLModelDownloader */,
				19EB41542C1C03B90045A703 /* FirebaseMessaging */,
				19EB41562C1C03B90045A703 /* FirebasePerformance */,
				19EB41582C1C03B90045A703 /* FirebaseRemoteConfig */,
				19EB415A2C1C03B90045A703 /* FirebaseRemoteConfigSwift */,
				19EB415C2C1C03B90045A703 /* FirebaseStorage */,
				19EB415E2C1C03B90045A703 /* FirebaseStorageCombine-Community */,
				FA1B69382C1DEEAC006FBE8A /* GoogleSignIn */,
				FA1B693A2C1DEEAC006FBE8A /* GoogleSignInSwift */,
			);
			productName = profile_exchange;
			productReference = 19EB408F2C1B58F40045A703 /* profile_exchange.app */;
			productType = "com.apple.product-type.application";
		};
		19EB40A42C1B58F60045A703 /* profile_exchangeTests */ = {
			isa = PBXNativeTarget;
			buildConfigurationList = 19EB40BC2C1B58F60045A703 /* Build configuration list for PBXNativeTarget "profile_exchangeTests" */;
			buildPhases = (
				19EB40A12C1B58F60045A703 /* Sources */,
				19EB40A22C1B58F60045A703 /* Frameworks */,
				19EB40A32C1B58F60045A703 /* Resources */,
			);
			buildRules = (
			);
			dependencies = (
				19EB40A72C1B58F60045A703 /* PBXTargetDependency */,
			);
			name = profile_exchangeTests;
			productName = profile_exchangeTests;
			productReference = 19EB40A52C1B58F60045A703 /* profile_exchangeTests.xctest */;
			productType = "com.apple.product-type.bundle.unit-test";
		};
		19EB40AE2C1B58F60045A703 /* profile_exchangeUITests */ = {
			isa = PBXNativeTarget;
			buildConfigurationList = 19EB40BF2C1B58F60045A703 /* Build configuration list for PBXNativeTarget "profile_exchangeUITests" */;
			buildPhases = (
				19EB40AB2C1B58F60045A703 /* Sources */,
				19EB40AC2C1B58F60045A703 /* Frameworks */,
				19EB40AD2C1B58F60045A703 /* Resources */,
			);
			buildRules = (
			);
			dependencies = (
				19EB40B12C1B58F60045A703 /* PBXTargetDependency */,
			);
			name = profile_exchangeUITests;
			productName = profile_exchangeUITests;
			productReference = 19EB40AF2C1B58F60045A703 /* profile_exchangeUITests.xctest */;
			productType = "com.apple.product-type.bundle.ui-testing";
		};
/* End PBXNativeTarget section */

/* Begin PBXProject section */
		19EB40872C1B58F40045A703 /* Project object */ = {
			isa = PBXProject;
			attributes = {
				BuildIndependentTargetsInParallel = 1;
				LastSwiftUpdateCheck = 1320;
				LastUpgradeCheck = 1320;
				TargetAttributes = {
					19EB408E2C1B58F40045A703 = {
						CreatedOnToolsVersion = 13.2.1;
					};
					19EB40A42C1B58F60045A703 = {
						CreatedOnToolsVersion = 13.2.1;
						TestTargetID = 19EB408E2C1B58F40045A703;
					};
					19EB40AE2C1B58F60045A703 = {
						CreatedOnToolsVersion = 13.2.1;
						TestTargetID = 19EB408E2C1B58F40045A703;
					};
				};
			};
			buildConfigurationList = 19EB408A2C1B58F40045A703 /* Build configuration list for PBXProject "profile_exchange" */;
			compatibilityVersion = "Xcode 13.0";
			developmentRegion = en;
			hasScannedForEncodings = 0;
			knownRegions = (
				en,
				Base,
			);
			mainGroup = 19EB40862C1B58F40045A703;
			packageReferences = (
				19EB41292C1C03B80045A703 /* XCRemoteSwiftPackageReference "firebase-ios-sdk" */,
				FA1B69372C1DEEAC006FBE8A /* XCRemoteSwiftPackageReference "GoogleSignIn-iOS" */,
			);
			productRefGroup = 19EB40902C1B58F40045A703 /* Products */;
			projectDirPath = "";
			projectRoot = "";
			targets = (
				19EB408E2C1B58F40045A703 /* profile_exchange */,
				19EB40A42C1B58F60045A703 /* profile_exchangeTests */,
				19EB40AE2C1B58F60045A703 /* profile_exchangeUITests */,
			);
		};
/* End PBXProject section */

/* Begin PBXResourcesBuildPhase section */
		19EB408D2C1B58F40045A703 /* Resources */ = {
			isa = PBXResourcesBuildPhase;
			buildActionMask = 2147483647;
			files = (
				19EB409A2C1B58F60045A703 /* Preview Assets.xcassets in Resources */,
				FAA211C02C28972700D67F9E /* GoogleService-Info.plist in Resources */,
				19EB40972C1B58F60045A703 /* Assets.xcassets in Resources */,
			);
			runOnlyForDeploymentPostprocessing = 0;
		};
		19EB40A32C1B58F60045A703 /* Resources */ = {
			isa = PBXResourcesBuildPhase;
			buildActionMask = 2147483647;
			files = (
			);
			runOnlyForDeploymentPostprocessing = 0;
		};
		19EB40AD2C1B58F60045A703 /* Resources */ = {
			isa = PBXResourcesBuildPhase;
			buildActionMask = 2147483647;
			files = (
			);
			runOnlyForDeploymentPostprocessing = 0;
		};
/* End PBXResourcesBuildPhase section */

/* Begin PBXSourcesBuildPhase section */
		19EB408B2C1B58F40045A703 /* Sources */ = {
			isa = PBXSourcesBuildPhase;
			buildActionMask = 2147483647;
			files = (
				19EB409F2C1B58F60045A703 /* profile_exchange.xcdatamodeld in Sources */,
				19EB409C2C1B58F60045A703 /* Persistence.swift in Sources */,
				FAA211C42C289F7D00D67F9E /* SignInViewController.swift in Sources */,
				FAA211C62C289F9E00D67F9E /* DataManager.swift in Sources */,
				19EB40952C1B58F40045A703 /* ContentView.swift in Sources */,
				FAA211C22C289F3A00D67F9E /* AppDelegate.swift in Sources */,
				19EB40932C1B58F40045A703 /* profile_exchangeApp.swift in Sources */,
			);
			runOnlyForDeploymentPostprocessing = 0;
		};
		19EB40A12C1B58F60045A703 /* Sources */ = {
			isa = PBXSourcesBuildPhase;
			buildActionMask = 2147483647;
			files = (
				19EB40AA2C1B58F60045A703 /* profile_exchangeTests.swift in Sources */,
			);
			runOnlyForDeploymentPostprocessing = 0;
		};
		19EB40AB2C1B58F60045A703 /* Sources */ = {
			isa = PBXSourcesBuildPhase;
			buildActionMask = 2147483647;
			files = (
				19EB40B42C1B58F60045A703 /* profile_exchangeUITests.swift in Sources */,
				19EB40B62C1B58F60045A703 /* profile_exchangeUITestsLaunchTests.swift in Sources */,
			);
			runOnlyForDeploymentPostprocessing = 0;
		};
/* End PBXSourcesBuildPhase section */

/* Begin PBXTargetDependency section */
		19EB40A72C1B58F60045A703 /* PBXTargetDependency */ = {
			isa = PBXTargetDependency;
			target = 19EB408E2C1B58F40045A703 /* profile_exchange */;
			targetProxy = 19EB40A62C1B58F60045A703 /* PBXContainerItemProxy */;
		};
		19EB40B12C1B58F60045A703 /* PBXTargetDependency */ = {
			isa = PBXTargetDependency;
			target = 19EB408E2C1B58F40045A703 /* profile_exchange */;
			targetProxy = 19EB40B02C1B58F60045A703 /* PBXContainerItemProxy */;
		};
/* End PBXTargetDependency section */

/* Begin XCBuildConfiguration section */
		19EB40B72C1B58F60045A703 /* Debug */ = {
			isa = XCBuildConfiguration;
			buildSettings = {
				ALWAYS_SEARCH_USER_PATHS = NO;
				CLANG_ANALYZER_NONNULL = YES;
				CLANG_ANALYZER_NUMBER_OBJECT_CONVERSION = YES_AGGRESSIVE;
				CLANG_CXX_LANGUAGE_STANDARD = "gnu++17";
				CLANG_CXX_LIBRARY = "libc++";
				CLANG_ENABLE_MODULES = YES;
				CLANG_ENABLE_OBJC_ARC = YES;
				CLANG_ENABLE_OBJC_WEAK = YES;
				CLANG_WARN_BLOCK_CAPTURE_AUTORELEASING = YES;
				CLANG_WARN_BOOL_CONVERSION = YES;
				CLANG_WARN_COMMA = YES;
				CLANG_WARN_CONSTANT_CONVERSION = YES;
				CLANG_WARN_DEPRECATED_OBJC_IMPLEMENTATIONS = YES;
				CLANG_WARN_DIRECT_OBJC_ISA_USAGE = YES_ERROR;
				CLANG_WARN_DOCUMENTATION_COMMENTS = YES;
				CLANG_WARN_EMPTY_BODY = YES;
				CLANG_WARN_ENUM_CONVERSION = YES;
				CLANG_WARN_INFINITE_RECURSION = YES;
				CLANG_WARN_INT_CONVERSION = YES;
				CLANG_WARN_NON_LITERAL_NULL_CONVERSION = YES;
				CLANG_WARN_OBJC_IMPLICIT_RETAIN_SELF = YES;
				CLANG_WARN_OBJC_LITERAL_CONVERSION = YES;
				CLANG_WARN_OBJC_ROOT_CLASS = YES_ERROR;
				CLANG_WARN_QUOTED_INCLUDE_IN_FRAMEWORK_HEADER = YES;
				CLANG_WARN_RANGE_LOOP_ANALYSIS = YES;
				CLANG_WARN_STRICT_PROTOTYPES = YES;
				CLANG_WARN_SUSPICIOUS_MOVE = YES;
				CLANG_WARN_UNGUARDED_AVAILABILITY = YES_AGGRESSIVE;
				CLANG_WARN_UNREACHABLE_CODE = YES;
				CLANG_WARN__DUPLICATE_METHOD_MATCH = YES;
				COPY_PHASE_STRIP = NO;
				DEBUG_INFORMATION_FORMAT = dwarf;
				ENABLE_STRICT_OBJC_MSGSEND = YES;
				ENABLE_TESTABILITY = YES;
				GCC_C_LANGUAGE_STANDARD = gnu11;
				GCC_DYNAMIC_NO_PIC = NO;
				GCC_NO_COMMON_BLOCKS = YES;
				GCC_OPTIMIZATION_LEVEL = 0;
				GCC_PREPROCESSOR_DEFINITIONS = (
					"DEBUG=1",
					"$(inherited)",
				);
				GCC_WARN_64_TO_32_BIT_CONVERSION = YES;
				GCC_WARN_ABOUT_RETURN_TYPE = YES_ERROR;
				GCC_WARN_UNDECLARED_SELECTOR = YES;
				GCC_WARN_UNINITIALIZED_AUTOS = YES_AGGRESSIVE;
				GCC_WARN_UNUSED_FUNCTION = YES;
				GCC_WARN_UNUSED_VARIABLE = YES;
				MACOSX_DEPLOYMENT_TARGET = 12.0;
				MTL_ENABLE_DEBUG_INFO = INCLUDE_SOURCE;
				MTL_FAST_MATH = YES;
				ONLY_ACTIVE_ARCH = YES;
				SDKROOT = macosx;
				SWIFT_ACTIVE_COMPILATION_CONDITIONS = DEBUG;
				SWIFT_OPTIMIZATION_LEVEL = "-Onone";
			};
			name = Debug;
		};
		19EB40B82C1B58F60045A703 /* Release */ = {
			isa = XCBuildConfiguration;
			buildSettings = {
				ALWAYS_SEARCH_USER_PATHS = NO;
				CLANG_ANALYZER_NONNULL = YES;
				CLANG_ANALYZER_NUMBER_OBJECT_CONVERSION = YES_AGGRESSIVE;
				CLANG_CXX_LANGUAGE_STANDARD = "gnu++17";
				CLANG_CXX_LIBRARY = "libc++";
				CLANG_ENABLE_MODULES = YES;
				CLANG_ENABLE_OBJC_ARC = YES;
				CLANG_ENABLE_OBJC_WEAK = YES;
				CLANG_WARN_BLOCK_CAPTURE_AUTORELEASING = YES;
				CLANG_WARN_BOOL_CONVERSION = YES;
				CLANG_WARN_COMMA = YES;
				CLANG_WARN_CONSTANT_CONVERSION = YES;
				CLANG_WARN_DEPRECATED_OBJC_IMPLEMENTATIONS = YES;
				CLANG_WARN_DIRECT_OBJC_ISA_USAGE = YES_ERROR;
				CLANG_WARN_DOCUMENTATION_COMMENTS = YES;
				CLANG_WARN_EMPTY_BODY = YES;
				CLANG_WARN_ENUM_CONVERSION = YES;
				CLANG_WARN_INFINITE_RECURSION = YES;
				CLANG_WARN_INT_CONVERSION = YES;
				CLANG_WARN_NON_LITERAL_NULL_CONVERSION = YES;
				CLANG_WARN_OBJC_IMPLICIT_RETAIN_SELF = YES;
				CLANG_WARN_OBJC_LITERAL_CONVERSION = YES;
				CLANG_WARN_OBJC_ROOT_CLASS = YES_ERROR;
				CLANG_WARN_QUOTED_INCLUDE_IN_FRAMEWORK_HEADER = YES;
				CLANG_WARN_RANGE_LOOP_ANALYSIS = YES;
				CLANG_WARN_STRICT_PROTOTYPES = YES;
				CLANG_WARN_SUSPICIOUS_MOVE = YES;
				CLANG_WARN_UNGUARDED_AVAILABILITY = YES_AGGRESSIVE;
				CLANG_WARN_UNREACHABLE_CODE = YES;
				CLANG_WARN__DUPLICATE_METHOD_MATCH = YES;
				COPY_PHASE_STRIP = NO;
				DEBUG_INFORMATION_FORMAT = "dwarf-with-dsym";
				ENABLE_NS_ASSERTIONS = NO;
				ENABLE_STRICT_OBJC_MSGSEND = YES;
				GCC_C_LANGUAGE_STANDARD = gnu11;
				GCC_NO_COMMON_BLOCKS = YES;
				GCC_WARN_64_TO_32_BIT_CONVERSION = YES;
				GCC_WARN_ABOUT_RETURN_TYPE = YES_ERROR;
				GCC_WARN_UNDECLARED_SELECTOR = YES;
				GCC_WARN_UNINITIALIZED_AUTOS = YES_AGGRESSIVE;
				GCC_WARN_UNUSED_FUNCTION = YES;
				GCC_WARN_UNUSED_VARIABLE = YES;
				MACOSX_DEPLOYMENT_TARGET = 12.0;
				MTL_ENABLE_DEBUG_INFO = NO;
				MTL_FAST_MATH = YES;
				SDKROOT = macosx;
				SWIFT_COMPILATION_MODE = wholemodule;
				SWIFT_OPTIMIZATION_LEVEL = "-O";
			};
			name = Release;
		};
		19EB40BA2C1B58F60045A703 /* Debug */ = {
			isa = XCBuildConfiguration;
			buildSettings = {
				ASSETCATALOG_COMPILER_APPICON_NAME = AppIcon;
				ASSETCATALOG_COMPILER_GLOBAL_ACCENT_COLOR_NAME = AccentColor;
				CODE_SIGN_ENTITLEMENTS = profile_exchange/profile_exchange.entitlements;
				CODE_SIGN_STYLE = Automatic;
				COMBINE_HIDPI_IMAGES = YES;
				CURRENT_PROJECT_VERSION = 1;
				DEVELOPMENT_ASSET_PATHS = "\"profile_exchange/Preview Content\"";
				ENABLE_PREVIEWS = YES;
				"FRAMEWORK_SEARCH_PATHS[arch=*]" = "\"$Users/PhAnh/Desktop/profile_exchange/frameworks\"";
				GENERATE_INFOPLIST_FILE = YES;
				INFOPLIST_FILE = "profile-exchange-Info.plist";
				INFOPLIST_KEY_NSHumanReadableCopyright = "";
				IPHONEOS_DEPLOYMENT_TARGET = 14.0;
				LD_RUNPATH_SEARCH_PATHS = (
					"$(inherited)",
					"@executable_path/../Frameworks",
				);
				MARKETING_VERSION = 1.0;
				PRODUCT_BUNDLE_IDENTIFIER = "lan.profile-exchange-app";
				PRODUCT_NAME = "$(TARGET_NAME)";
				SDKROOT = iphoneos;
				SWIFT_EMIT_LOC_STRINGS = YES;
				SWIFT_VERSION = 5.0;
			};
			name = Debug;
		};
		19EB40BB2C1B58F60045A703 /* Release */ = {
			isa = XCBuildConfiguration;
			buildSettings = {
				ASSETCATALOG_COMPILER_APPICON_NAME = AppIcon;
				ASSETCATALOG_COMPILER_GLOBAL_ACCENT_COLOR_NAME = AccentColor;
				CODE_SIGN_ENTITLEMENTS = profile_exchange/profile_exchange.entitlements;
				CODE_SIGN_STYLE = Automatic;
				COMBINE_HIDPI_IMAGES = YES;
				CURRENT_PROJECT_VERSION = 1;
				DEVELOPMENT_ASSET_PATHS = "\"profile_exchange/Preview Content\"";
				ENABLE_PREVIEWS = YES;
				"FRAMEWORK_SEARCH_PATHS[arch=*]" = "\"$Users/PhAnh/Desktop/profile_exchange/frameworks\"";
				GENERATE_INFOPLIST_FILE = YES;
				INFOPLIST_FILE = "profile-exchange-Info.plist";
				INFOPLIST_KEY_NSHumanReadableCopyright = "";
				IPHONEOS_DEPLOYMENT_TARGET = 14.0;
				LD_RUNPATH_SEARCH_PATHS = (
					"$(inherited)",
					"@executable_path/../Frameworks",
				);
				MARKETING_VERSION = 1.0;
				PRODUCT_BUNDLE_IDENTIFIER = "lan.profile-exchange-app";
				PRODUCT_NAME = "$(TARGET_NAME)";
				SDKROOT = iphoneos;
				SWIFT_EMIT_LOC_STRINGS = YES;
				SWIFT_VERSION = 5.0;
			};
			name = Release;
		};
		19EB40BD2C1B58F60045A703 /* Debug */ = {
			isa = XCBuildConfiguration;
			buildSettings = {
				ALWAYS_EMBED_SWIFT_STANDARD_LIBRARIES = YES;
				BUNDLE_LOADER = "$(TEST_HOST)";
				CODE_SIGN_STYLE = Automatic;
				CURRENT_PROJECT_VERSION = 1;
				GENERATE_INFOPLIST_FILE = YES;
				MACOSX_DEPLOYMENT_TARGET = 12.0;
				MARKETING_VERSION = 1.0;
				PRODUCT_BUNDLE_IDENTIFIER = "lan.profile-exchangeTests";
				PRODUCT_NAME = "$(TARGET_NAME)";
				SWIFT_EMIT_LOC_STRINGS = NO;
				SWIFT_VERSION = 5.0;
				TEST_HOST = "$(BUILT_PRODUCTS_DIR)/profile_exchange.app/Contents/MacOS/profile_exchange";
			};
			name = Debug;
		};
		19EB40BE2C1B58F60045A703 /* Release */ = {
			isa = XCBuildConfiguration;
			buildSettings = {
				ALWAYS_EMBED_SWIFT_STANDARD_LIBRARIES = YES;
				BUNDLE_LOADER = "$(TEST_HOST)";
				CODE_SIGN_STYLE = Automatic;
				CURRENT_PROJECT_VERSION = 1;
				GENERATE_INFOPLIST_FILE = YES;
				MACOSX_DEPLOYMENT_TARGET = 12.0;
				MARKETING_VERSION = 1.0;
				PRODUCT_BUNDLE_IDENTIFIER = "lan.profile-exchangeTests";
				PRODUCT_NAME = "$(TARGET_NAME)";
				SWIFT_EMIT_LOC_STRINGS = NO;
				SWIFT_VERSION = 5.0;
				TEST_HOST = "$(BUILT_PRODUCTS_DIR)/profile_exchange.app/Contents/MacOS/profile_exchange";
			};
			name = Release;
		};
		19EB40C02C1B58F60045A703 /* Debug */ = {
			isa = XCBuildConfiguration;
			buildSettings = {
				ALWAYS_EMBED_SWIFT_STANDARD_LIBRARIES = YES;
				CODE_SIGN_STYLE = Automatic;
				CURRENT_PROJECT_VERSION = 1;
				GENERATE_INFOPLIST_FILE = YES;
				MARKETING_VERSION = 1.0;
				PRODUCT_BUNDLE_IDENTIFIER = "lan.profile-exchangeUITests";
				PRODUCT_NAME = "$(TARGET_NAME)";
				SWIFT_EMIT_LOC_STRINGS = NO;
				SWIFT_VERSION = 5.0;
				TEST_TARGET_NAME = profile_exchange;
			};
			name = Debug;
		};
		19EB40C12C1B58F60045A703 /* Release */ = {
			isa = XCBuildConfiguration;
			buildSettings = {
				ALWAYS_EMBED_SWIFT_STANDARD_LIBRARIES = YES;
				CODE_SIGN_STYLE = Automatic;
				CURRENT_PROJECT_VERSION = 1;
				GENERATE_INFOPLIST_FILE = YES;
				MARKETING_VERSION = 1.0;
				PRODUCT_BUNDLE_IDENTIFIER = "lan.profile-exchangeUITests";
				PRODUCT_NAME = "$(TARGET_NAME)";
				SWIFT_EMIT_LOC_STRINGS = NO;
				SWIFT_VERSION = 5.0;
				TEST_TARGET_NAME = profile_exchange;
			};
			name = Release;
		};
/* End XCBuildConfiguration section */

/* Begin XCConfigurationList section */
		19EB408A2C1B58F40045A703 /* Build configuration list for PBXProject "profile_exchange" */ = {
			isa = XCConfigurationList;
			buildConfigurations = (
				19EB40B72C1B58F60045A703 /* Debug */,
				19EB40B82C1B58F60045A703 /* Release */,
			);
			defaultConfigurationIsVisible = 0;
			defaultConfigurationName = Release;
		};
		19EB40B92C1B58F60045A703 /* Build configuration list for PBXNativeTarget "profile_exchange" */ = {
			isa = XCConfigurationList;
			buildConfigurations = (
				19EB40BA2C1B58F60045A703 /* Debug */,
				19EB40BB2C1B58F60045A703 /* Release */,
			);
			defaultConfigurationIsVisible = 0;
			defaultConfigurationName = Release;
		};
		19EB40BC2C1B58F60045A703 /* Build configuration list for PBXNativeTarget "profile_exchangeTests" */ = {
			isa = XCConfigurationList;
			buildConfigurations = (
				19EB40BD2C1B58F60045A703 /* Debug */,
				19EB40BE2C1B58F60045A703 /* Release */,
			);
			defaultConfigurationIsVisible = 0;
			defaultConfigurationName = Release;
		};
		19EB40BF2C1B58F60045A703 /* Build configuration list for PBXNativeTarget "profile_exchangeUITests" */ = {
			isa = XCConfigurationList;
			buildConfigurations = (
				19EB40C02C1B58F60045A703 /* Debug */,
				19EB40C12C1B58F60045A703 /* Release */,
			);
			defaultConfigurationIsVisible = 0;
			defaultConfigurationName = Release;
		};
/* End XCConfigurationList section */

/* Begin XCRemoteSwiftPackageReference section */
		19EB41292C1C03B80045A703 /* XCRemoteSwiftPackageReference "firebase-ios-sdk" */ = {
			isa = XCRemoteSwiftPackageReference;
			repositoryURL = "https://github.com/firebase/firebase-ios-sdk";
			requirement = {
				kind = versionRange;
				maximumVersion = 11.0.0;
				minimumVersion = 10.15.0;
			};
		};
		FA1B69372C1DEEAC006FBE8A /* XCRemoteSwiftPackageReference "GoogleSignIn-iOS" */ = {
			isa = XCRemoteSwiftPackageReference;
			repositoryURL = "https://github.com/google/GoogleSignIn-iOS";
			requirement = {
				kind = upToNextMajorVersion;
				minimumVersion = 7.1.0;
			};
		};
/* End XCRemoteSwiftPackageReference section */

/* Begin XCSwiftPackageProductDependency section */
		19EB412A2C1C03B90045A703 /* FirebaseAnalytics */ = {
			isa = XCSwiftPackageProductDependency;
			package = 19EB41292C1C03B80045A703 /* XCRemoteSwiftPackageReference "firebase-ios-sdk" */;
			productName = FirebaseAnalytics;
		};
		19EB412C2C1C03B90045A703 /* FirebaseAnalyticsOnDeviceConversion */ = {
			isa = XCSwiftPackageProductDependency;
			package = 19EB41292C1C03B80045A703 /* XCRemoteSwiftPackageReference "firebase-ios-sdk" */;
			productName = FirebaseAnalyticsOnDeviceConversion;
		};
		19EB412E2C1C03B90045A703 /* FirebaseAnalyticsSwift */ = {
			isa = XCSwiftPackageProductDependency;
			package = 19EB41292C1C03B80045A703 /* XCRemoteSwiftPackageReference "firebase-ios-sdk" */;
			productName = FirebaseAnalyticsSwift;
		};
		19EB41302C1C03B90045A703 /* FirebaseAnalyticsWithoutAdIdSupport */ = {
			isa = XCSwiftPackageProductDependency;
			package = 19EB41292C1C03B80045A703 /* XCRemoteSwiftPackageReference "firebase-ios-sdk" */;
			productName = FirebaseAnalyticsWithoutAdIdSupport;
		};
		19EB41322C1C03B90045A703 /* FirebaseAppCheck */ = {
			isa = XCSwiftPackageProductDependency;
			package = 19EB41292C1C03B80045A703 /* XCRemoteSwiftPackageReference "firebase-ios-sdk" */;
			productName = FirebaseAppCheck;
		};
		19EB41342C1C03B90045A703 /* FirebaseAppDistribution-Beta */ = {
			isa = XCSwiftPackageProductDependency;
			package = 19EB41292C1C03B80045A703 /* XCRemoteSwiftPackageReference "firebase-ios-sdk" */;
			productName = "FirebaseAppDistribution-Beta";
		};
		19EB41362C1C03B90045A703 /* FirebaseAuth */ = {
			isa = XCSwiftPackageProductDependency;
			package = 19EB41292C1C03B80045A703 /* XCRemoteSwiftPackageReference "firebase-ios-sdk" */;
			productName = FirebaseAuth;
		};
		19EB41382C1C03B90045A703 /* FirebaseAuthCombine-Community */ = {
			isa = XCSwiftPackageProductDependency;
			package = 19EB41292C1C03B80045A703 /* XCRemoteSwiftPackageReference "firebase-ios-sdk" */;
			productName = "FirebaseAuthCombine-Community";
		};
		19EB413A2C1C03B90045A703 /* FirebaseCrashlytics */ = {
			isa = XCSwiftPackageProductDependency;
			package = 19EB41292C1C03B80045A703 /* XCRemoteSwiftPackageReference "firebase-ios-sdk" */;
			productName = FirebaseCrashlytics;
		};
		19EB413C2C1C03B90045A703 /* FirebaseDatabase */ = {
			isa = XCSwiftPackageProductDependency;
			package = 19EB41292C1C03B80045A703 /* XCRemoteSwiftPackageReference "firebase-ios-sdk" */;
			productName = FirebaseDatabase;
		};
		19EB413E2C1C03B90045A703 /* FirebaseDatabaseSwift */ = {
			isa = XCSwiftPackageProductDependency;
			package = 19EB41292C1C03B80045A703 /* XCRemoteSwiftPackageReference "firebase-ios-sdk" */;
			productName = FirebaseDatabaseSwift;
		};
		19EB41402C1C03B90045A703 /* FirebaseDynamicLinks */ = {
			isa = XCSwiftPackageProductDependency;
			package = 19EB41292C1C03B80045A703 /* XCRemoteSwiftPackageReference "firebase-ios-sdk" */;
			productName = FirebaseDynamicLinks;
		};
		19EB41422C1C03B90045A703 /* FirebaseFirestore */ = {
			isa = XCSwiftPackageProductDependency;
			package = 19EB41292C1C03B80045A703 /* XCRemoteSwiftPackageReference "firebase-ios-sdk" */;
			productName = FirebaseFirestore;
		};
		19EB41442C1C03B90045A703 /* FirebaseFirestoreCombine-Community */ = {
			isa = XCSwiftPackageProductDependency;
			package = 19EB41292C1C03B80045A703 /* XCRemoteSwiftPackageReference "firebase-ios-sdk" */;
			productName = "FirebaseFirestoreCombine-Community";
		};
		19EB41462C1C03B90045A703 /* FirebaseFirestoreSwift */ = {
			isa = XCSwiftPackageProductDependency;
			package = 19EB41292C1C03B80045A703 /* XCRemoteSwiftPackageReference "firebase-ios-sdk" */;
			productName = FirebaseFirestoreSwift;
		};
		19EB41482C1C03B90045A703 /* FirebaseFunctions */ = {
			isa = XCSwiftPackageProductDependency;
			package = 19EB41292C1C03B80045A703 /* XCRemoteSwiftPackageReference "firebase-ios-sdk" */;
			productName = FirebaseFunctions;
		};
		19EB414A2C1C03B90045A703 /* FirebaseFunctionsCombine-Community */ = {
			isa = XCSwiftPackageProductDependency;
			package = 19EB41292C1C03B80045A703 /* XCRemoteSwiftPackageReference "firebase-ios-sdk" */;
			productName = "FirebaseFunctionsCombine-Community";
		};
		19EB414C2C1C03B90045A703 /* FirebaseInAppMessaging-Beta */ = {
			isa = XCSwiftPackageProductDependency;
			package = 19EB41292C1C03B80045A703 /* XCRemoteSwiftPackageReference "firebase-ios-sdk" */;
			productName = "FirebaseInAppMessaging-Beta";
		};
		19EB414E2C1C03B90045A703 /* FirebaseInAppMessagingSwift-Beta */ = {
			isa = XCSwiftPackageProductDependency;
			package = 19EB41292C1C03B80045A703 /* XCRemoteSwiftPackageReference "firebase-ios-sdk" */;
			productName = "FirebaseInAppMessagingSwift-Beta";
		};
		19EB41502C1C03B90045A703 /* FirebaseInstallations */ = {
			isa = XCSwiftPackageProductDependency;
			package = 19EB41292C1C03B80045A703 /* XCRemoteSwiftPackageReference "firebase-ios-sdk" */;
			productName = FirebaseInstallations;
		};
		19EB41522C1C03B90045A703 /* FirebaseMLModelDownloader */ = {
			isa = XCSwiftPackageProductDependency;
			package = 19EB41292C1C03B80045A703 /* XCRemoteSwiftPackageReference "firebase-ios-sdk" */;
			productName = FirebaseMLModelDownloader;
		};
		19EB41542C1C03B90045A703 /* FirebaseMessaging */ = {
			isa = XCSwiftPackageProductDependency;
			package = 19EB41292C1C03B80045A703 /* XCRemoteSwiftPackageReference "firebase-ios-sdk" */;
			productName = FirebaseMessaging;
		};
		19EB41562C1C03B90045A703 /* FirebasePerformance */ = {
			isa = XCSwiftPackageProductDependency;
			package = 19EB41292C1C03B80045A703 /* XCRemoteSwiftPackageReference "firebase-ios-sdk" */;
			productName = FirebasePerformance;
		};
		19EB41582C1C03B90045A703 /* FirebaseRemoteConfig */ = {
			isa = XCSwiftPackageProductDependency;
			package = 19EB41292C1C03B80045A703 /* XCRemoteSwiftPackageReference "firebase-ios-sdk" */;
			productName = FirebaseRemoteConfig;
		};
		19EB415A2C1C03B90045A703 /* FirebaseRemoteConfigSwift */ = {
			isa = XCSwiftPackageProductDependency;
			package = 19EB41292C1C03B80045A703 /* XCRemoteSwiftPackageReference "firebase-ios-sdk" */;
			productName = FirebaseRemoteConfigSwift;
		};
		19EB415C2C1C03B90045A703 /* FirebaseStorage */ = {
			isa = XCSwiftPackageProductDependency;
			package = 19EB41292C1C03B80045A703 /* XCRemoteSwiftPackageReference "firebase-ios-sdk" */;
			productName = FirebaseStorage;
		};
		19EB415E2C1C03B90045A703 /* FirebaseStorageCombine-Community */ = {
			isa = XCSwiftPackageProductDependency;
			package = 19EB41292C1C03B80045A703 /* XCRemoteSwiftPackageReference "firebase-ios-sdk" */;
			productName = "FirebaseStorageCombine-Community";
		};
		FA1B69382C1DEEAC006FBE8A /* GoogleSignIn */ = {
			isa = XCSwiftPackageProductDependency;
			package = FA1B69372C1DEEAC006FBE8A /* XCRemoteSwiftPackageReference "GoogleSignIn-iOS" */;
			productName = GoogleSignIn;
		};
		FA1B693A2C1DEEAC006FBE8A /* GoogleSignInSwift */ = {
			isa = XCSwiftPackageProductDependency;
			package = FA1B69372C1DEEAC006FBE8A /* XCRemoteSwiftPackageReference "GoogleSignIn-iOS" */;
			productName = GoogleSignInSwift;
		};
/* End XCSwiftPackageProductDependency section */

/* Begin XCVersionGroup section */
		19EB409D2C1B58F60045A703 /* profile_exchange.xcdatamodeld */ = {
			isa = XCVersionGroup;
			children = (
				19EB409E2C1B58F60045A703 /* profile_exchange.xcdatamodel */,
			);
			currentVersion = 19EB409E2C1B58F60045A703 /* profile_exchange.xcdatamodel */;
			path = profile_exchange.xcdatamodeld;
			sourceTree = "<group>";
			versionGroupType = wrapper.xcdatamodel;
		};
/* End XCVersionGroup section */
	};
	rootObject = 19EB40872C1B58F40045A703 /* Project object */;
}
