// !$*UTF8*$!
{
	archiveVersion = 1;
	classes = {
	};
	objectVersion = 56;
	objects = {

/* Begin PBXBuildFile section */
		D7114E522C2C2BAF00D96EEF /* profile_exchangeApp.swift in Sources */ = {isa = PBXBuildFile; fileRef = D7114E512C2C2BAF00D96EEF /* profile_exchangeApp.swift */; };
		D7114E542C2C2BAF00D96EEF /* ContentView.swift in Sources */ = {isa = PBXBuildFile; fileRef = D7114E532C2C2BAF00D96EEF /* ContentView.swift */; };
		D7114E562C2C2BB000D96EEF /* Assets.xcassets in Resources */ = {isa = PBXBuildFile; fileRef = D7114E552C2C2BB000D96EEF /* Assets.xcassets */; };
		D7114E592C2C2BB000D96EEF /* Preview Assets.xcassets in Resources */ = {isa = PBXBuildFile; fileRef = D7114E582C2C2BB000D96EEF /* Preview Assets.xcassets */; };
		D7114E602C2C2DDF00D96EEF /* GoogleService-Info.plist in Resources */ = {isa = PBXBuildFile; fileRef = D7114E5F2C2C2DDF00D96EEF /* GoogleService-Info.plist */; };
		D7114E632C2C2F0400D96EEF /* FirebaseAnalytics in Frameworks */ = {isa = PBXBuildFile; productRef = D7114E622C2C2F0400D96EEF /* FirebaseAnalytics */; };
		D7114E652C2C2F0400D96EEF /* FirebaseAnalyticsSwift in Frameworks */ = {isa = PBXBuildFile; productRef = D7114E642C2C2F0400D96EEF /* FirebaseAnalyticsSwift */; };
		D7114E672C2C2F0400D96EEF /* FirebaseAppCheck in Frameworks */ = {isa = PBXBuildFile; productRef = D7114E662C2C2F0400D96EEF /* FirebaseAppCheck */; };
		D7114E692C2C2F0400D96EEF /* FirebaseAuth in Frameworks */ = {isa = PBXBuildFile; productRef = D7114E682C2C2F0400D96EEF /* FirebaseAuth */; };
		D7114E6B2C2C2F0400D96EEF /* FirebaseDatabase in Frameworks */ = {isa = PBXBuildFile; productRef = D7114E6A2C2C2F0400D96EEF /* FirebaseDatabase */; };
		D7114E6D2C2C2F0400D96EEF /* FirebaseDatabaseSwift in Frameworks */ = {isa = PBXBuildFile; productRef = D7114E6C2C2C2F0400D96EEF /* FirebaseDatabaseSwift */; };
		D7114E6F2C2C2F0400D96EEF /* FirebaseFirestoreCombine-Community in Frameworks */ = {isa = PBXBuildFile; productRef = D7114E6E2C2C2F0400D96EEF /* FirebaseFirestoreCombine-Community */; };
		D7114E712C2C2F0400D96EEF /* FirebaseFirestoreSwift in Frameworks */ = {isa = PBXBuildFile; productRef = D7114E702C2C2F0400D96EEF /* FirebaseFirestoreSwift */; };
		D7114E732C2C2F0400D96EEF /* FirebaseInAppMessagingSwift-Beta in Frameworks */ = {isa = PBXBuildFile; productRef = D7114E722C2C2F0400D96EEF /* FirebaseInAppMessagingSwift-Beta */; };
		D7114E752C2C2F0400D96EEF /* FirebasePerformance in Frameworks */ = {isa = PBXBuildFile; productRef = D7114E742C2C2F0400D96EEF /* FirebasePerformance */; };
		D7114E772C2C2F0400D96EEF /* FirebaseRemoteConfig in Frameworks */ = {isa = PBXBuildFile; productRef = D7114E762C2C2F0400D96EEF /* FirebaseRemoteConfig */; };
		D7114E792C2C2F0400D96EEF /* FirebaseRemoteConfigSwift in Frameworks */ = {isa = PBXBuildFile; productRef = D7114E782C2C2F0400D96EEF /* FirebaseRemoteConfigSwift */; };
		D7114E7B2C2C2F0400D96EEF /* FirebaseStorage in Frameworks */ = {isa = PBXBuildFile; productRef = D7114E7A2C2C2F0400D96EEF /* FirebaseStorage */; };
		D7114E7D2C2C2F0400D96EEF /* FirebaseStorageCombine-Community in Frameworks */ = {isa = PBXBuildFile; productRef = D7114E7C2C2C2F0400D96EEF /* FirebaseStorageCombine-Community */; };
		D7114E7F2C2C325400D96EEF /* BusinessCard.swift in Sources */ = {isa = PBXBuildFile; fileRef = D7114E7E2C2C325400D96EEF /* BusinessCard.swift */; };
		D7114E812C2C326500D96EEF /* SharePopup.swift in Sources */ = {isa = PBXBuildFile; fileRef = D7114E802C2C326500D96EEF /* SharePopup.swift */; };
		D7114E852C2C32D000D96EEF /* CustomInfoPopup.swift in Sources */ = {isa = PBXBuildFile; fileRef = D7114E842C2C32D000D96EEF /* CustomInfoPopup.swift */; };
		D7114E892C2C32F100D96EEF /* View+Popup.swift in Sources */ = {isa = PBXBuildFile; fileRef = D7114E882C2C32F100D96EEF /* View+Popup.swift */; };
		D7114E8B2C2C346E00D96EEF /* Profile.swift in Sources */ = {isa = PBXBuildFile; fileRef = D7114E8A2C2C346E00D96EEF /* Profile.swift */; };
		D7114E8D2C2C34B000D96EEF /* EditProfileView.swift in Sources */ = {isa = PBXBuildFile; fileRef = D7114E8C2C2C34B000D96EEF /* EditProfileView.swift */; };
		D7114E8F2C2C374800D96EEF /* ImagePicker.swift in Sources */ = {isa = PBXBuildFile; fileRef = D7114E8E2C2C374800D96EEF /* ImagePicker.swift */; };
		D7114E912C2C376400D96EEF /* NFCManager.swift in Sources */ = {isa = PBXBuildFile; fileRef = D7114E902C2C376400D96EEF /* NFCManager.swift */; };
/* End PBXBuildFile section */

/* Begin PBXFileReference section */
		D7114E4E2C2C2BAF00D96EEF /* profile-exchange.app */ = {isa = PBXFileReference; explicitFileType = wrapper.application; includeInIndex = 0; path = "profile-exchange.app"; sourceTree = BUILT_PRODUCTS_DIR; };
		D7114E512C2C2BAF00D96EEF /* profile_exchangeApp.swift */ = {isa = PBXFileReference; lastKnownFileType = sourcecode.swift; path = profile_exchangeApp.swift; sourceTree = "<group>"; };
		D7114E532C2C2BAF00D96EEF /* ContentView.swift */ = {isa = PBXFileReference; lastKnownFileType = sourcecode.swift; path = ContentView.swift; sourceTree = "<group>"; };
		D7114E552C2C2BB000D96EEF /* Assets.xcassets */ = {isa = PBXFileReference; lastKnownFileType = folder.assetcatalog; path = Assets.xcassets; sourceTree = "<group>"; };
		D7114E582C2C2BB000D96EEF /* Preview Assets.xcassets */ = {isa = PBXFileReference; lastKnownFileType = folder.assetcatalog; path = "Preview Assets.xcassets"; sourceTree = "<group>"; };
		D7114E5F2C2C2DDF00D96EEF /* GoogleService-Info.plist */ = {isa = PBXFileReference; fileEncoding = 4; lastKnownFileType = text.plist.xml; path = "GoogleService-Info.plist"; sourceTree = "<group>"; };
		D7114E7E2C2C325400D96EEF /* BusinessCard.swift */ = {isa = PBXFileReference; lastKnownFileType = sourcecode.swift; path = BusinessCard.swift; sourceTree = "<group>"; };
		D7114E802C2C326500D96EEF /* SharePopup.swift */ = {isa = PBXFileReference; lastKnownFileType = sourcecode.swift; path = SharePopup.swift; sourceTree = "<group>"; };
		D7114E842C2C32D000D96EEF /* CustomInfoPopup.swift */ = {isa = PBXFileReference; lastKnownFileType = sourcecode.swift; path = CustomInfoPopup.swift; sourceTree = "<group>"; };
		D7114E882C2C32F100D96EEF /* View+Popup.swift */ = {isa = PBXFileReference; lastKnownFileType = sourcecode.swift; path = "View+Popup.swift"; sourceTree = "<group>"; };
		D7114E8A2C2C346E00D96EEF /* Profile.swift */ = {isa = PBXFileReference; lastKnownFileType = sourcecode.swift; path = Profile.swift; sourceTree = "<group>"; };
		D7114E8C2C2C34B000D96EEF /* EditProfileView.swift */ = {isa = PBXFileReference; lastKnownFileType = sourcecode.swift; path = EditProfileView.swift; sourceTree = "<group>"; };
		D7114E8E2C2C374800D96EEF /* ImagePicker.swift */ = {isa = PBXFileReference; lastKnownFileType = sourcecode.swift; path = ImagePicker.swift; sourceTree = "<group>"; };
		D7114E902C2C376400D96EEF /* NFCManager.swift */ = {isa = PBXFileReference; lastKnownFileType = sourcecode.swift; path = NFCManager.swift; sourceTree = "<group>"; };
/* End PBXFileReference section */

/* Begin PBXFrameworksBuildPhase section */
		D7114E4B2C2C2BAF00D96EEF /* Frameworks */ = {
			isa = PBXFrameworksBuildPhase;
			buildActionMask = 2147483647;
			files = (
				D7114E772C2C2F0400D96EEF /* FirebaseRemoteConfig in Frameworks */,
				D7114E6D2C2C2F0400D96EEF /* FirebaseDatabaseSwift in Frameworks */,
				D7114E6B2C2C2F0400D96EEF /* FirebaseDatabase in Frameworks */,
				D7114E752C2C2F0400D96EEF /* FirebasePerformance in Frameworks */,
				D7114E652C2C2F0400D96EEF /* FirebaseAnalyticsSwift in Frameworks */,
				D7114E672C2C2F0400D96EEF /* FirebaseAppCheck in Frameworks */,
				D7114E632C2C2F0400D96EEF /* FirebaseAnalytics in Frameworks */,
				D7114E692C2C2F0400D96EEF /* FirebaseAuth in Frameworks */,
				D7114E7D2C2C2F0400D96EEF /* FirebaseStorageCombine-Community in Frameworks */,
				D7114E7B2C2C2F0400D96EEF /* FirebaseStorage in Frameworks */,
				D7114E6F2C2C2F0400D96EEF /* FirebaseFirestoreCombine-Community in Frameworks */,
				D7114E792C2C2F0400D96EEF /* FirebaseRemoteConfigSwift in Frameworks */,
				D7114E732C2C2F0400D96EEF /* FirebaseInAppMessagingSwift-Beta in Frameworks */,
				D7114E712C2C2F0400D96EEF /* FirebaseFirestoreSwift in Frameworks */,
			);
			runOnlyForDeploymentPostprocessing = 0;
		};
/* End PBXFrameworksBuildPhase section */

/* Begin PBXGroup section */
		D7114E452C2C2BAF00D96EEF = {
			isa = PBXGroup;
			children = (
				D7114E502C2C2BAF00D96EEF /* profile-exchange */,
				D7114E4F2C2C2BAF00D96EEF /* Products */,
			);
			sourceTree = "<group>";
		};
		D7114E4F2C2C2BAF00D96EEF /* Products */ = {
			isa = PBXGroup;
			children = (
				D7114E4E2C2C2BAF00D96EEF /* profile-exchange.app */,
			);
			name = Products;
			sourceTree = "<group>";
		};
		D7114E502C2C2BAF00D96EEF /* profile-exchange */ = {
			isa = PBXGroup;
			children = (
				D7114E512C2C2BAF00D96EEF /* profile_exchangeApp.swift */,
				D7114E532C2C2BAF00D96EEF /* ContentView.swift */,
				D7114E5F2C2C2DDF00D96EEF /* GoogleService-Info.plist */,
				D7114E552C2C2BB000D96EEF /* Assets.xcassets */,
				D7114E572C2C2BB000D96EEF /* Preview Content */,
				D7114E7E2C2C325400D96EEF /* BusinessCard.swift */,
				D7114E802C2C326500D96EEF /* SharePopup.swift */,
				D7114E842C2C32D000D96EEF /* CustomInfoPopup.swift */,
				D7114E882C2C32F100D96EEF /* View+Popup.swift */,
				D7114E8A2C2C346E00D96EEF /* Profile.swift */,
				D7114E8C2C2C34B000D96EEF /* EditProfileView.swift */,
				D7114E8E2C2C374800D96EEF /* ImagePicker.swift */,
				D7114E902C2C376400D96EEF /* NFCManager.swift */,
			);
			path = "profile-exchange";
			sourceTree = "<group>";
		};
		D7114E572C2C2BB000D96EEF /* Preview Content */ = {
			isa = PBXGroup;
			children = (
				D7114E582C2C2BB000D96EEF /* Preview Assets.xcassets */,
			);
			path = "Preview Content";
			sourceTree = "<group>";
		};
/* End PBXGroup section */

/* Begin PBXNativeTarget section */
		D7114E4D2C2C2BAF00D96EEF /* profile-exchange */ = {
			isa = PBXNativeTarget;
			buildConfigurationList = D7114E5C2C2C2BB000D96EEF /* Build configuration list for PBXNativeTarget "profile-exchange" */;
			buildPhases = (
				D7114E4A2C2C2BAF00D96EEF /* Sources */,
				D7114E4B2C2C2BAF00D96EEF /* Frameworks */,
				D7114E4C2C2C2BAF00D96EEF /* Resources */,
			);
			buildRules = (
			);
			dependencies = (
			);
			name = "profile-exchange";
			packageProductDependencies = (
				D7114E622C2C2F0400D96EEF /* FirebaseAnalytics */,
				D7114E642C2C2F0400D96EEF /* FirebaseAnalyticsSwift */,
				D7114E662C2C2F0400D96EEF /* FirebaseAppCheck */,
				D7114E682C2C2F0400D96EEF /* FirebaseAuth */,
				D7114E6A2C2C2F0400D96EEF /* FirebaseDatabase */,
				D7114E6C2C2C2F0400D96EEF /* FirebaseDatabaseSwift */,
				D7114E6E2C2C2F0400D96EEF /* FirebaseFirestoreCombine-Community */,
				D7114E702C2C2F0400D96EEF /* FirebaseFirestoreSwift */,
				D7114E722C2C2F0400D96EEF /* FirebaseInAppMessagingSwift-Beta */,
				D7114E742C2C2F0400D96EEF /* FirebasePerformance */,
				D7114E762C2C2F0400D96EEF /* FirebaseRemoteConfig */,
				D7114E782C2C2F0400D96EEF /* FirebaseRemoteConfigSwift */,
				D7114E7A2C2C2F0400D96EEF /* FirebaseStorage */,
				D7114E7C2C2C2F0400D96EEF /* FirebaseStorageCombine-Community */,
			);
			productName = "profile-exchange";
			productReference = D7114E4E2C2C2BAF00D96EEF /* profile-exchange.app */;
			productType = "com.apple.product-type.application";
		};
/* End PBXNativeTarget section */

/* Begin PBXProject section */
		D7114E462C2C2BAF00D96EEF /* Project object */ = {
			isa = PBXProject;
			attributes = {
				BuildIndependentTargetsInParallel = 1;
				LastSwiftUpdateCheck = 1540;
				LastUpgradeCheck = 1540;
				TargetAttributes = {
					D7114E4D2C2C2BAF00D96EEF = {
						CreatedOnToolsVersion = 15.4;
					};
				};
			};
			buildConfigurationList = D7114E492C2C2BAF00D96EEF /* Build configuration list for PBXProject "profile-exchange" */;
			compatibilityVersion = "Xcode 14.0";
			developmentRegion = en;
			hasScannedForEncodings = 0;
			knownRegions = (
				en,
				Base,
			);
			mainGroup = D7114E452C2C2BAF00D96EEF;
			packageReferences = (
				D7114E612C2C2F0400D96EEF /* XCRemoteSwiftPackageReference "firebase-ios-sdk" */,
			);
			productRefGroup = D7114E4F2C2C2BAF00D96EEF /* Products */;
			projectDirPath = "";
			projectRoot = "";
			targets = (
				D7114E4D2C2C2BAF00D96EEF /* profile-exchange */,
			);
		};
/* End PBXProject section */

/* Begin PBXResourcesBuildPhase section */
		D7114E4C2C2C2BAF00D96EEF /* Resources */ = {
			isa = PBXResourcesBuildPhase;
			buildActionMask = 2147483647;
			files = (
				D7114E592C2C2BB000D96EEF /* Preview Assets.xcassets in Resources */,
				D7114E562C2C2BB000D96EEF /* Assets.xcassets in Resources */,
				D7114E602C2C2DDF00D96EEF /* GoogleService-Info.plist in Resources */,
			);
			runOnlyForDeploymentPostprocessing = 0;
		};
/* End PBXResourcesBuildPhase section */

/* Begin PBXSourcesBuildPhase section */
		D7114E4A2C2C2BAF00D96EEF /* Sources */ = {
			isa = PBXSourcesBuildPhase;
			buildActionMask = 2147483647;
			files = (
				D7114E7F2C2C325400D96EEF /* BusinessCard.swift in Sources */,
				D7114E912C2C376400D96EEF /* NFCManager.swift in Sources */,
				D7114E892C2C32F100D96EEF /* View+Popup.swift in Sources */,
				D7114E8D2C2C34B000D96EEF /* EditProfileView.swift in Sources */,
				D7114E8F2C2C374800D96EEF /* ImagePicker.swift in Sources */,
				D7114E542C2C2BAF00D96EEF /* ContentView.swift in Sources */,
				D7114E8B2C2C346E00D96EEF /* Profile.swift in Sources */,
				D7114E812C2C326500D96EEF /* SharePopup.swift in Sources */,
				D7114E852C2C32D000D96EEF /* CustomInfoPopup.swift in Sources */,
				D7114E522C2C2BAF00D96EEF /* profile_exchangeApp.swift in Sources */,
			);
			runOnlyForDeploymentPostprocessing = 0;
		};
/* End PBXSourcesBuildPhase section */

/* Begin XCBuildConfiguration section */
		D7114E5A2C2C2BB000D96EEF /* Debug */ = {
			isa = XCBuildConfiguration;
			buildSettings = {
				ALWAYS_SEARCH_USER_PATHS = NO;
				ASSETCATALOG_COMPILER_GENERATE_SWIFT_ASSET_SYMBOL_EXTENSIONS = YES;
				CLANG_ANALYZER_NONNULL = YES;
				CLANG_ANALYZER_NUMBER_OBJECT_CONVERSION = YES_AGGRESSIVE;
				CLANG_CXX_LANGUAGE_STANDARD = "gnu++20";
				CLANG_ENABLE_MODULES = YES;
				CLANG_ENABLE_OBJC_ARC = YES;
				CLANG_ENABLE_OBJC_WEAK = YES;
				CLANG_WARN_BLOCK_CAPTURE_AUTORELEASING = YES;
				CLANG_WARN_BOOL_CONVERSION = YES;
				CLANG_WARN_COMMA = YES;
				CLANG_WARN_CONSTANT_CONVERSION = YES;
				CLANG_WARN_DEPRECATED_OBJC_IMPLEMENTATIONS = YES;
				CLANG_WARN_DIRECT_OBJC_ISA_USAGE = YES_ERROR;
				CLANG_WARN_DOCUMENTATION_COMMENTS = YES;
				CLANG_WARN_EMPTY_BODY = YES;
				CLANG_WARN_ENUM_CONVERSION = YES;
				CLANG_WARN_INFINITE_RECURSION = YES;
				CLANG_WARN_INT_CONVERSION = YES;
				CLANG_WARN_NON_LITERAL_NULL_CONVERSION = YES;
				CLANG_WARN_OBJC_IMPLICIT_RETAIN_SELF = YES;
				CLANG_WARN_OBJC_LITERAL_CONVERSION = YES;
				CLANG_WARN_OBJC_ROOT_CLASS = YES_ERROR;
				CLANG_WARN_QUOTED_INCLUDE_IN_FRAMEWORK_HEADER = YES;
				CLANG_WARN_RANGE_LOOP_ANALYSIS = YES;
				CLANG_WARN_STRICT_PROTOTYPES = YES;
				CLANG_WARN_SUSPICIOUS_MOVE = YES;
				CLANG_WARN_UNGUARDED_AVAILABILITY = YES_AGGRESSIVE;
				CLANG_WARN_UNREACHABLE_CODE = YES;
				CLANG_WARN__DUPLICATE_METHOD_MATCH = YES;
				COPY_PHASE_STRIP = NO;
				DEBUG_INFORMATION_FORMAT = dwarf;
				ENABLE_STRICT_OBJC_MSGSEND = YES;
				ENABLE_TESTABILITY = YES;
				ENABLE_USER_SCRIPT_SANDBOXING = YES;
				GCC_C_LANGUAGE_STANDARD = gnu17;
				GCC_DYNAMIC_NO_PIC = NO;
				GCC_NO_COMMON_BLOCKS = YES;
				GCC_OPTIMIZATION_LEVEL = 0;
				GCC_PREPROCESSOR_DEFINITIONS = (
					"DEBUG=1",
					"$(inherited)",
				);
				GCC_WARN_64_TO_32_BIT_CONVERSION = YES;
				GCC_WARN_ABOUT_RETURN_TYPE = YES_ERROR;
				GCC_WARN_UNDECLARED_SELECTOR = YES;
				GCC_WARN_UNINITIALIZED_AUTOS = YES_AGGRESSIVE;
				GCC_WARN_UNUSED_FUNCTION = YES;
				GCC_WARN_UNUSED_VARIABLE = YES;
				IPHONEOS_DEPLOYMENT_TARGET = 17.5;
				LOCALIZATION_PREFERS_STRING_CATALOGS = YES;
				MTL_ENABLE_DEBUG_INFO = INCLUDE_SOURCE;
				MTL_FAST_MATH = YES;
				ONLY_ACTIVE_ARCH = YES;
				SDKROOT = iphoneos;
				SWIFT_ACTIVE_COMPILATION_CONDITIONS = "DEBUG $(inherited)";
				SWIFT_OPTIMIZATION_LEVEL = "-Onone";
			};
			name = Debug;
		};
		D7114E5B2C2C2BB000D96EEF /* Release */ = {
			isa = XCBuildConfiguration;
			buildSettings = {
				ALWAYS_SEARCH_USER_PATHS = NO;
				ASSETCATALOG_COMPILER_GENERATE_SWIFT_ASSET_SYMBOL_EXTENSIONS = YES;
				CLANG_ANALYZER_NONNULL = YES;
				CLANG_ANALYZER_NUMBER_OBJECT_CONVERSION = YES_AGGRESSIVE;
				CLANG_CXX_LANGUAGE_STANDARD = "gnu++20";
				CLANG_ENABLE_MODULES = YES;
				CLANG_ENABLE_OBJC_ARC = YES;
				CLANG_ENABLE_OBJC_WEAK = YES;
				CLANG_WARN_BLOCK_CAPTURE_AUTORELEASING = YES;
				CLANG_WARN_BOOL_CONVERSION = YES;
				CLANG_WARN_COMMA = YES;
				CLANG_WARN_CONSTANT_CONVERSION = YES;
				CLANG_WARN_DEPRECATED_OBJC_IMPLEMENTATIONS = YES;
				CLANG_WARN_DIRECT_OBJC_ISA_USAGE = YES_ERROR;
				CLANG_WARN_DOCUMENTATION_COMMENTS = YES;
				CLANG_WARN_EMPTY_BODY = YES;
				CLANG_WARN_ENUM_CONVERSION = YES;
				CLANG_WARN_INFINITE_RECURSION = YES;
				CLANG_WARN_INT_CONVERSION = YES;
				CLANG_WARN_NON_LITERAL_NULL_CONVERSION = YES;
				CLANG_WARN_OBJC_IMPLICIT_RETAIN_SELF = YES;
				CLANG_WARN_OBJC_LITERAL_CONVERSION = YES;
				CLANG_WARN_OBJC_ROOT_CLASS = YES_ERROR;
				CLANG_WARN_QUOTED_INCLUDE_IN_FRAMEWORK_HEADER = YES;
				CLANG_WARN_RANGE_LOOP_ANALYSIS = YES;
				CLANG_WARN_STRICT_PROTOTYPES = YES;
				CLANG_WARN_SUSPICIOUS_MOVE = YES;
				CLANG_WARN_UNGUARDED_AVAILABILITY = YES_AGGRESSIVE;
				CLANG_WARN_UNREACHABLE_CODE = YES;
				CLANG_WARN__DUPLICATE_METHOD_MATCH = YES;
				COPY_PHASE_STRIP = NO;
				DEBUG_INFORMATION_FORMAT = "dwarf-with-dsym";
				ENABLE_NS_ASSERTIONS = NO;
				ENABLE_STRICT_OBJC_MSGSEND = YES;
				ENABLE_USER_SCRIPT_SANDBOXING = YES;
				GCC_C_LANGUAGE_STANDARD = gnu17;
				GCC_NO_COMMON_BLOCKS = YES;
				GCC_WARN_64_TO_32_BIT_CONVERSION = YES;
				GCC_WARN_ABOUT_RETURN_TYPE = YES_ERROR;
				GCC_WARN_UNDECLARED_SELECTOR = YES;
				GCC_WARN_UNINITIALIZED_AUTOS = YES_AGGRESSIVE;
				GCC_WARN_UNUSED_FUNCTION = YES;
				GCC_WARN_UNUSED_VARIABLE = YES;
				IPHONEOS_DEPLOYMENT_TARGET = 17.5;
				LOCALIZATION_PREFERS_STRING_CATALOGS = YES;
				MTL_ENABLE_DEBUG_INFO = NO;
				MTL_FAST_MATH = YES;
				SDKROOT = iphoneos;
				SWIFT_COMPILATION_MODE = wholemodule;
				VALIDATE_PRODUCT = YES;
			};
			name = Release;
		};
		D7114E5D2C2C2BB000D96EEF /* Debug */ = {
			isa = XCBuildConfiguration;
			buildSettings = {
				ASSETCATALOG_COMPILER_APPICON_NAME = AppIcon;
				ASSETCATALOG_COMPILER_GLOBAL_ACCENT_COLOR_NAME = AccentColor;
				CODE_SIGN_STYLE = Automatic;
				CURRENT_PROJECT_VERSION = 1;
				DEVELOPMENT_ASSET_PATHS = "\"profile-exchange/Preview Content\"";
				ENABLE_PREVIEWS = YES;
				GENERATE_INFOPLIST_FILE = YES;
				INFOPLIST_KEY_UIApplicationSceneManifest_Generation = YES;
				INFOPLIST_KEY_UIApplicationSupportsIndirectInputEvents = YES;
				INFOPLIST_KEY_UILaunchScreen_Generation = YES;
				INFOPLIST_KEY_UISupportedInterfaceOrientations_iPad = "UIInterfaceOrientationPortrait UIInterfaceOrientationPortraitUpsideDown UIInterfaceOrientationLandscapeLeft UIInterfaceOrientationLandscapeRight";
				INFOPLIST_KEY_UISupportedInterfaceOrientations_iPhone = "UIInterfaceOrientationPortrait UIInterfaceOrientationLandscapeLeft UIInterfaceOrientationLandscapeRight";
				LD_RUNPATH_SEARCH_PATHS = (
					"$(inherited)",
					"@executable_path/Frameworks",
				);
				MARKETING_VERSION = 1.0;
				PRODUCT_BUNDLE_IDENTIFIER = "lpn.profile-exchange";
				PRODUCT_NAME = "$(TARGET_NAME)";
				SWIFT_EMIT_LOC_STRINGS = YES;
				SWIFT_VERSION = 5.0;
				TARGETED_DEVICE_FAMILY = "1,2";
			};
			name = Debug;
		};
		D7114E5E2C2C2BB000D96EEF /* Release */ = {
			isa = XCBuildConfiguration;
			buildSettings = {
				ASSETCATALOG_COMPILER_APPICON_NAME = AppIcon;
				ASSETCATALOG_COMPILER_GLOBAL_ACCENT_COLOR_NAME = AccentColor;
				CODE_SIGN_STYLE = Automatic;
				CURRENT_PROJECT_VERSION = 1;
				DEVELOPMENT_ASSET_PATHS = "\"profile-exchange/Preview Content\"";
				ENABLE_PREVIEWS = YES;
				GENERATE_INFOPLIST_FILE = YES;
				INFOPLIST_KEY_UIApplicationSceneManifest_Generation = YES;
				INFOPLIST_KEY_UIApplicationSupportsIndirectInputEvents = YES;
				INFOPLIST_KEY_UILaunchScreen_Generation = YES;
				INFOPLIST_KEY_UISupportedInterfaceOrientations_iPad = "UIInterfaceOrientationPortrait UIInterfaceOrientationPortraitUpsideDown UIInterfaceOrientationLandscapeLeft UIInterfaceOrientationLandscapeRight";
				INFOPLIST_KEY_UISupportedInterfaceOrientations_iPhone = "UIInterfaceOrientationPortrait UIInterfaceOrientationLandscapeLeft UIInterfaceOrientationLandscapeRight";
				LD_RUNPATH_SEARCH_PATHS = (
					"$(inherited)",
					"@executable_path/Frameworks",
				);
				MARKETING_VERSION = 1.0;
				PRODUCT_BUNDLE_IDENTIFIER = "lpn.profile-exchange";
				PRODUCT_NAME = "$(TARGET_NAME)";
				SWIFT_EMIT_LOC_STRINGS = YES;
				SWIFT_VERSION = 5.0;
				TARGETED_DEVICE_FAMILY = "1,2";
			};
			name = Release;
		};
/* End XCBuildConfiguration section */

/* Begin XCConfigurationList section */
		D7114E492C2C2BAF00D96EEF /* Build configuration list for PBXProject "profile-exchange" */ = {
			isa = XCConfigurationList;
			buildConfigurations = (
				D7114E5A2C2C2BB000D96EEF /* Debug */,
				D7114E5B2C2C2BB000D96EEF /* Release */,
			);
			defaultConfigurationIsVisible = 0;
			defaultConfigurationName = Release;
		};
		D7114E5C2C2C2BB000D96EEF /* Build configuration list for PBXNativeTarget "profile-exchange" */ = {
			isa = XCConfigurationList;
			buildConfigurations = (
				D7114E5D2C2C2BB000D96EEF /* Debug */,
				D7114E5E2C2C2BB000D96EEF /* Release */,
			);
			defaultConfigurationIsVisible = 0;
			defaultConfigurationName = Release;
		};
/* End XCConfigurationList section */

/* Begin XCRemoteSwiftPackageReference section */
		D7114E612C2C2F0400D96EEF /* XCRemoteSwiftPackageReference "firebase-ios-sdk" */ = {
			isa = XCRemoteSwiftPackageReference;
			repositoryURL = "https://github.com/firebase/firebase-ios-sdk";
			requirement = {
				kind = upToNextMajorVersion;
				minimumVersion = 10.28.1;
			};
		};
/* End XCRemoteSwiftPackageReference section */

/* Begin XCSwiftPackageProductDependency section */
		D7114E622C2C2F0400D96EEF /* FirebaseAnalytics */ = {
			isa = XCSwiftPackageProductDependency;
			package = D7114E612C2C2F0400D96EEF /* XCRemoteSwiftPackageReference "firebase-ios-sdk" */;
			productName = FirebaseAnalytics;
		};
		D7114E642C2C2F0400D96EEF /* FirebaseAnalyticsSwift */ = {
			isa = XCSwiftPackageProductDependency;
			package = D7114E612C2C2F0400D96EEF /* XCRemoteSwiftPackageReference "firebase-ios-sdk" */;
			productName = FirebaseAnalyticsSwift;
		};
		D7114E662C2C2F0400D96EEF /* FirebaseAppCheck */ = {
			isa = XCSwiftPackageProductDependency;
			package = D7114E612C2C2F0400D96EEF /* XCRemoteSwiftPackageReference "firebase-ios-sdk" */;
			productName = FirebaseAppCheck;
		};
		D7114E682C2C2F0400D96EEF /* FirebaseAuth */ = {
			isa = XCSwiftPackageProductDependency;
			package = D7114E612C2C2F0400D96EEF /* XCRemoteSwiftPackageReference "firebase-ios-sdk" */;
			productName = FirebaseAuth;
		};
		D7114E6A2C2C2F0400D96EEF /* FirebaseDatabase */ = {
			isa = XCSwiftPackageProductDependency;
			package = D7114E612C2C2F0400D96EEF /* XCRemoteSwiftPackageReference "firebase-ios-sdk" */;
			productName = FirebaseDatabase;
		};
		D7114E6C2C2C2F0400D96EEF /* FirebaseDatabaseSwift */ = {
			isa = XCSwiftPackageProductDependency;
			package = D7114E612C2C2F0400D96EEF /* XCRemoteSwiftPackageReference "firebase-ios-sdk" */;
			productName = FirebaseDatabaseSwift;
		};
		D7114E6E2C2C2F0400D96EEF /* FirebaseFirestoreCombine-Community */ = {
			isa = XCSwiftPackageProductDependency;
			package = D7114E612C2C2F0400D96EEF /* XCRemoteSwiftPackageReference "firebase-ios-sdk" */;
			productName = "FirebaseFirestoreCombine-Community";
		};
		D7114E702C2C2F0400D96EEF /* FirebaseFirestoreSwift */ = {
			isa = XCSwiftPackageProductDependency;
			package = D7114E612C2C2F0400D96EEF /* XCRemoteSwiftPackageReference "firebase-ios-sdk" */;
			productName = FirebaseFirestoreSwift;
		};
		D7114E722C2C2F0400D96EEF /* FirebaseInAppMessagingSwift-Beta */ = {
			isa = XCSwiftPackageProductDependency;
			package = D7114E612C2C2F0400D96EEF /* XCRemoteSwiftPackageReference "firebase-ios-sdk" */;
			productName = "FirebaseInAppMessagingSwift-Beta";
		};
		D7114E742C2C2F0400D96EEF /* FirebasePerformance */ = {
			isa = XCSwiftPackageProductDependency;
			package = D7114E612C2C2F0400D96EEF /* XCRemoteSwiftPackageReference "firebase-ios-sdk" */;
			productName = FirebasePerformance;
		};
		D7114E762C2C2F0400D96EEF /* FirebaseRemoteConfig */ = {
			isa = XCSwiftPackageProductDependency;
			package = D7114E612C2C2F0400D96EEF /* XCRemoteSwiftPackageReference "firebase-ios-sdk" */;
			productName = FirebaseRemoteConfig;
		};
		D7114E782C2C2F0400D96EEF /* FirebaseRemoteConfigSwift */ = {
			isa = XCSwiftPackageProductDependency;
			package = D7114E612C2C2F0400D96EEF /* XCRemoteSwiftPackageReference "firebase-ios-sdk" */;
			productName = FirebaseRemoteConfigSwift;
		};
		D7114E7A2C2C2F0400D96EEF /* FirebaseStorage */ = {
			isa = XCSwiftPackageProductDependency;
			package = D7114E612C2C2F0400D96EEF /* XCRemoteSwiftPackageReference "firebase-ios-sdk" */;
			productName = FirebaseStorage;
		};
		D7114E7C2C2C2F0400D96EEF /* FirebaseStorageCombine-Community */ = {
			isa = XCSwiftPackageProductDependency;
			package = D7114E612C2C2F0400D96EEF /* XCRemoteSwiftPackageReference "firebase-ios-sdk" */;
			productName = "FirebaseStorageCombine-Community";
		};
/* End XCSwiftPackageProductDependency section */
	};
	rootObject = D7114E462C2C2BAF00D96EEF /* Project object */;
}
